// !$*UTF8*$!
{
	archiveVersion = 1;
	classes = {
	};
	objectVersion = 46;
	objects = {

/* Begin PBXBuildFile section */
		1F90D4D11DCA399200802D04 /* AppDelegate.swift in Sources */ = {isa = PBXBuildFile; fileRef = 1F90D4D01DCA399200802D04 /* AppDelegate.swift */; };
		1F90D4D31DCA399200802D04 /* ViewController.swift in Sources */ = {isa = PBXBuildFile; fileRef = 1F90D4D21DCA399200802D04 /* ViewController.swift */; };
		1F90D4D61DCA399200802D04 /* Main.storyboard in Resources */ = {isa = PBXBuildFile; fileRef = 1F90D4D41DCA399200802D04 /* Main.storyboard */; };
		1F90D4D81DCA399200802D04 /* Assets.xcassets in Resources */ = {isa = PBXBuildFile; fileRef = 1F90D4D71DCA399200802D04 /* Assets.xcassets */; };
		1F90D4DB1DCA399200802D04 /* LaunchScreen.storyboard in Resources */ = {isa = PBXBuildFile; fileRef = 1F90D4D91DCA399200802D04 /* LaunchScreen.storyboard */; };
		1F90D4E31DCA39B900802D04 /* GoogleService-Info.plist in Resources */ = {isa = PBXBuildFile; fileRef = 1F90D4E21DCA39B900802D04 /* GoogleService-Info.plist */; };
		1F90D56F1DCA3B1900802D04 /* GeoFire.m in Sources */ = {isa = PBXBuildFile; fileRef = 1F90D5661DCA3B1900802D04 /* GeoFire.m */; };
		1F90D5701DCA3B1900802D04 /* GFBase32Utils.m in Sources */ = {isa = PBXBuildFile; fileRef = 1F90D5681DCA3B1900802D04 /* GFBase32Utils.m */; };
		1F90D5711DCA3B1900802D04 /* GFGeoHash.m in Sources */ = {isa = PBXBuildFile; fileRef = 1F90D56A1DCA3B1900802D04 /* GFGeoHash.m */; };
		1F90D5721DCA3B1900802D04 /* GFGeoHashQuery.m in Sources */ = {isa = PBXBuildFile; fileRef = 1F90D56C1DCA3B1900802D04 /* GFGeoHashQuery.m */; };
		1F90D5731DCA3B1900802D04 /* GFQuery.m in Sources */ = {isa = PBXBuildFile; fileRef = 1F90D56E1DCA3B1900802D04 /* GFQuery.m */; };
		1F90D57C1DCA42CF00802D04 /* PokeAnnotation.swift in Sources */ = {isa = PBXBuildFile; fileRef = 1F90D57B1DCA42CF00802D04 /* PokeAnnotation.swift */; };
		91211AF06BCFF9F9AEA8A752 /* Pods_pokefinder.framework in Frameworks */ = {isa = PBXBuildFile; fileRef = 8D839066ABE284B485417625 /* Pods_pokefinder.framework */; };
/* End PBXBuildFile section */

/* Begin PBXFileReference section */
		1F90D4CD1DCA399200802D04 /* pokefinder.app */ = {isa = PBXFileReference; explicitFileType = wrapper.application; includeInIndex = 0; path = pokefinder.app; sourceTree = BUILT_PRODUCTS_DIR; };
		1F90D4D01DCA399200802D04 /* AppDelegate.swift */ = {isa = PBXFileReference; lastKnownFileType = sourcecode.swift; path = AppDelegate.swift; sourceTree = "<group>"; };
		1F90D4D21DCA399200802D04 /* ViewController.swift */ = {isa = PBXFileReference; lastKnownFileType = sourcecode.swift; path = ViewController.swift; sourceTree = "<group>"; };
		1F90D4D51DCA399200802D04 /* Base */ = {isa = PBXFileReference; lastKnownFileType = file.storyboard; name = Base; path = Base.lproj/Main.storyboard; sourceTree = "<group>"; };
		1F90D4D71DCA399200802D04 /* Assets.xcassets */ = {isa = PBXFileReference; lastKnownFileType = folder.assetcatalog; path = Assets.xcassets; sourceTree = "<group>"; };
		1F90D4DA1DCA399200802D04 /* Base */ = {isa = PBXFileReference; lastKnownFileType = file.storyboard; name = Base; path = Base.lproj/LaunchScreen.storyboard; sourceTree = "<group>"; };
		1F90D4DC1DCA399200802D04 /* Info.plist */ = {isa = PBXFileReference; lastKnownFileType = text.plist.xml; path = Info.plist; sourceTree = "<group>"; };
		1F90D4E21DCA39B900802D04 /* GoogleService-Info.plist */ = {isa = PBXFileReference; fileEncoding = 4; lastKnownFileType = text.plist.xml; path = "GoogleService-Info.plist"; sourceTree = "<group>"; };
		1F90D55F1DCA3B1900802D04 /* GeoFire.h */ = {isa = PBXFileReference; fileEncoding = 4; lastKnownFileType = sourcecode.c.h; path = GeoFire.h; sourceTree = "<group>"; };
		1F90D5601DCA3B1900802D04 /* GFCircleQuery.h */ = {isa = PBXFileReference; fileEncoding = 4; lastKnownFileType = sourcecode.c.h; path = GFCircleQuery.h; sourceTree = "<group>"; };
		1F90D5611DCA3B1900802D04 /* GFQuery.h */ = {isa = PBXFileReference; fileEncoding = 4; lastKnownFileType = sourcecode.c.h; path = GFQuery.h; sourceTree = "<group>"; };
		1F90D5621DCA3B1900802D04 /* GFRegionQuery.h */ = {isa = PBXFileReference; fileEncoding = 4; lastKnownFileType = sourcecode.c.h; path = GFRegionQuery.h; sourceTree = "<group>"; };
		1F90D5631DCA3B1900802D04 /* GeoFire-Prefix.pch */ = {isa = PBXFileReference; fileEncoding = 4; lastKnownFileType = sourcecode.c.h; path = "GeoFire-Prefix.pch"; sourceTree = "<group>"; };
		1F90D5651DCA3B1900802D04 /* GeoFire+Private.h */ = {isa = PBXFileReference; fileEncoding = 4; lastKnownFileType = sourcecode.c.h; path = "GeoFire+Private.h"; sourceTree = "<group>"; };
		1F90D5661DCA3B1900802D04 /* GeoFire.m */ = {isa = PBXFileReference; fileEncoding = 4; lastKnownFileType = sourcecode.c.objc; path = GeoFire.m; sourceTree = "<group>"; };
		1F90D5671DCA3B1900802D04 /* GFBase32Utils.h */ = {isa = PBXFileReference; fileEncoding = 4; lastKnownFileType = sourcecode.c.h; path = GFBase32Utils.h; sourceTree = "<group>"; };
		1F90D5681DCA3B1900802D04 /* GFBase32Utils.m */ = {isa = PBXFileReference; fileEncoding = 4; lastKnownFileType = sourcecode.c.objc; path = GFBase32Utils.m; sourceTree = "<group>"; };
		1F90D5691DCA3B1900802D04 /* GFGeoHash.h */ = {isa = PBXFileReference; fileEncoding = 4; lastKnownFileType = sourcecode.c.h; path = GFGeoHash.h; sourceTree = "<group>"; };
		1F90D56A1DCA3B1900802D04 /* GFGeoHash.m */ = {isa = PBXFileReference; fileEncoding = 4; lastKnownFileType = sourcecode.c.objc; path = GFGeoHash.m; sourceTree = "<group>"; };
		1F90D56B1DCA3B1900802D04 /* GFGeoHashQuery.h */ = {isa = PBXFileReference; fileEncoding = 4; lastKnownFileType = sourcecode.c.h; path = GFGeoHashQuery.h; sourceTree = "<group>"; };
		1F90D56C1DCA3B1900802D04 /* GFGeoHashQuery.m */ = {isa = PBXFileReference; fileEncoding = 4; lastKnownFileType = sourcecode.c.objc; path = GFGeoHashQuery.m; sourceTree = "<group>"; };
		1F90D56D1DCA3B1900802D04 /* GFQuery+Private.h */ = {isa = PBXFileReference; fileEncoding = 4; lastKnownFileType = sourcecode.c.h; path = "GFQuery+Private.h"; sourceTree = "<group>"; };
		1F90D56E1DCA3B1900802D04 /* GFQuery.m */ = {isa = PBXFileReference; fileEncoding = 4; lastKnownFileType = sourcecode.c.objc; path = GFQuery.m; sourceTree = "<group>"; };
		1F90D5771DCA3BD000802D04 /* PokeFinder-Bridging-Header.h */ = {isa = PBXFileReference; lastKnownFileType = sourcecode.c.h; path = "PokeFinder-Bridging-Header.h"; sourceTree = "<group>"; };
		1F90D57B1DCA42CF00802D04 /* PokeAnnotation.swift */ = {isa = PBXFileReference; fileEncoding = 4; lastKnownFileType = sourcecode.swift; path = PokeAnnotation.swift; sourceTree = "<group>"; };
		30D22AAE7F6063A85C73E753 /* Pods-pokefinder.release.xcconfig */ = {isa = PBXFileReference; includeInIndex = 1; lastKnownFileType = text.xcconfig; name = "Pods-pokefinder.release.xcconfig"; path = "Pods/Target Support Files/Pods-pokefinder/Pods-pokefinder.release.xcconfig"; sourceTree = "<group>"; };
		8D839066ABE284B485417625 /* Pods_pokefinder.framework */ = {isa = PBXFileReference; explicitFileType = wrapper.framework; includeInIndex = 0; path = Pods_pokefinder.framework; sourceTree = BUILT_PRODUCTS_DIR; };
		C5301806C16FD9FE4003E0AE /* Pods-pokefinder.debug.xcconfig */ = {isa = PBXFileReference; includeInIndex = 1; lastKnownFileType = text.xcconfig; name = "Pods-pokefinder.debug.xcconfig"; path = "Pods/Target Support Files/Pods-pokefinder/Pods-pokefinder.debug.xcconfig"; sourceTree = "<group>"; };
/* End PBXFileReference section */

/* Begin PBXFrameworksBuildPhase section */
		1F90D4CA1DCA399200802D04 /* Frameworks */ = {
			isa = PBXFrameworksBuildPhase;
			buildActionMask = 2147483647;
			files = (
				91211AF06BCFF9F9AEA8A752 /* Pods_pokefinder.framework in Frameworks */,
			);
			runOnlyForDeploymentPostprocessing = 0;
		};
/* End PBXFrameworksBuildPhase section */

/* Begin PBXGroup section */
		1F90D4C41DCA399200802D04 = {
			isa = PBXGroup;
			children = (
				1F90D4CF1DCA399200802D04 /* pokefinder */,
				1F90D4CE1DCA399200802D04 /* Products */,
				FCD496E5BF10F41D81162439 /* Pods */,
				EFAD9E2D3B7646D3EB8BC980 /* Frameworks */,
			);
			sourceTree = "<group>";
		};
		1F90D4CE1DCA399200802D04 /* Products */ = {
			isa = PBXGroup;
			children = (
				1F90D4CD1DCA399200802D04 /* pokefinder.app */,
			);
			name = Products;
			sourceTree = "<group>";
		};
		1F90D4CF1DCA399200802D04 /* pokefinder */ = {
			isa = PBXGroup;
			children = (
				1F90D4D71DCA399200802D04 /* Assets.xcassets */,
				1F90D4D41DCA399200802D04 /* Main.storyboard */,
				1F90D4D91DCA399200802D04 /* LaunchScreen.storyboard */,
				1F90D5791DCA42AB00802D04 /* Model */,
				1F90D57A1DCA42AF00802D04 /* View */,
				1F90D5781DCA42A600802D04 /* Controller */,
				1F90D4D01DCA399200802D04 /* AppDelegate.swift */,
				1F90D4DC1DCA399200802D04 /* Info.plist */,
				1F90D4E21DCA39B900802D04 /* GoogleService-Info.plist */,
				1F90D55D1DCA3B1900802D04 /* GeoFire */,
				1F90D5771DCA3BD000802D04 /* PokeFinder-Bridging-Header.h */,
			);
			path = pokefinder;
			sourceTree = "<group>";
		};
		1F90D55D1DCA3B1900802D04 /* GeoFire */ = {
			isa = PBXGroup;
			children = (
				1F90D55E1DCA3B1900802D04 /* API */,
				1F90D5631DCA3B1900802D04 /* GeoFire-Prefix.pch */,
				1F90D5641DCA3B1900802D04 /* Implementation */,
			);
			path = GeoFire;
			sourceTree = "<group>";
		};
		1F90D55E1DCA3B1900802D04 /* API */ = {
			isa = PBXGroup;
			children = (
				1F90D55F1DCA3B1900802D04 /* GeoFire.h */,
				1F90D5601DCA3B1900802D04 /* GFCircleQuery.h */,
				1F90D5611DCA3B1900802D04 /* GFQuery.h */,
				1F90D5621DCA3B1900802D04 /* GFRegionQuery.h */,
			);
			path = API;
			sourceTree = "<group>";
		};
		1F90D5641DCA3B1900802D04 /* Implementation */ = {
			isa = PBXGroup;
			children = (
				1F90D5651DCA3B1900802D04 /* GeoFire+Private.h */,
				1F90D5661DCA3B1900802D04 /* GeoFire.m */,
				1F90D5671DCA3B1900802D04 /* GFBase32Utils.h */,
				1F90D5681DCA3B1900802D04 /* GFBase32Utils.m */,
				1F90D5691DCA3B1900802D04 /* GFGeoHash.h */,
				1F90D56A1DCA3B1900802D04 /* GFGeoHash.m */,
				1F90D56B1DCA3B1900802D04 /* GFGeoHashQuery.h */,
				1F90D56C1DCA3B1900802D04 /* GFGeoHashQuery.m */,
				1F90D56D1DCA3B1900802D04 /* GFQuery+Private.h */,
				1F90D56E1DCA3B1900802D04 /* GFQuery.m */,
			);
			path = Implementation;
			sourceTree = "<group>";
		};
		1F90D5781DCA42A600802D04 /* Controller */ = {
			isa = PBXGroup;
			children = (
				1F90D4D21DCA399200802D04 /* ViewController.swift */,
			);
			name = Controller;
			sourceTree = "<group>";
		};
		1F90D5791DCA42AB00802D04 /* Model */ = {
			isa = PBXGroup;
			children = (
				1F90D57B1DCA42CF00802D04 /* PokeAnnotation.swift */,
			);
			name = Model;
			sourceTree = "<group>";
		};
		1F90D57A1DCA42AF00802D04 /* View */ = {
			isa = PBXGroup;
			children = (
			);
			name = View;
			sourceTree = "<group>";
		};
		EFAD9E2D3B7646D3EB8BC980 /* Frameworks */ = {
			isa = PBXGroup;
			children = (
				8D839066ABE284B485417625 /* Pods_pokefinder.framework */,
			);
			name = Frameworks;
			sourceTree = "<group>";
		};
		FCD496E5BF10F41D81162439 /* Pods */ = {
			isa = PBXGroup;
			children = (
				C5301806C16FD9FE4003E0AE /* Pods-pokefinder.debug.xcconfig */,
				30D22AAE7F6063A85C73E753 /* Pods-pokefinder.release.xcconfig */,
			);
			name = Pods;
			sourceTree = "<group>";
		};
/* End PBXGroup section */

/* Begin PBXNativeTarget section */
		1F90D4CC1DCA399200802D04 /* pokefinder */ = {
			isa = PBXNativeTarget;
			buildConfigurationList = 1F90D4DF1DCA399200802D04 /* Build configuration list for PBXNativeTarget "pokefinder" */;
			buildPhases = (
				25225F381387ACE481C1D4FE /* [CP] Check Pods Manifest.lock */,
				1F90D4C91DCA399200802D04 /* Sources */,
				1F90D4CA1DCA399200802D04 /* Frameworks */,
				1F90D4CB1DCA399200802D04 /* Resources */,
				70EDB6C084885C32EFAE1A12 /* [CP] Embed Pods Frameworks */,
				F76156A7627CCF15A871311B /* [CP] Copy Pods Resources */,
			);
			buildRules = (
			);
			dependencies = (
			);
			name = pokefinder;
			productName = pokefinder;
			productReference = 1F90D4CD1DCA399200802D04 /* pokefinder.app */;
			productType = "com.apple.product-type.application";
		};
/* End PBXNativeTarget section */

/* Begin PBXProject section */
		1F90D4C51DCA399200802D04 /* Project object */ = {
			isa = PBXProject;
			attributes = {
				LastSwiftUpdateCheck = 0800;
				LastUpgradeCheck = 0800;
				ORGANIZATIONNAME = "Tora Cross";
				TargetAttributes = {
					1F90D4CC1DCA399200802D04 = {
						CreatedOnToolsVersion = 8.0;
						DevelopmentTeam = GN9Y9E7XU4;
						ProvisioningStyle = Automatic;
					};
				};
			};
			buildConfigurationList = 1F90D4C81DCA399200802D04 /* Build configuration list for PBXProject "pokefinder" */;
			compatibilityVersion = "Xcode 3.2";
			developmentRegion = English;
			hasScannedForEncodings = 0;
			knownRegions = (
				en,
				Base,
			);
			mainGroup = 1F90D4C41DCA399200802D04;
			productRefGroup = 1F90D4CE1DCA399200802D04 /* Products */;
			projectDirPath = "";
			projectRoot = "";
			targets = (
				1F90D4CC1DCA399200802D04 /* pokefinder */,
			);
		};
/* End PBXProject section */

/* Begin PBXResourcesBuildPhase section */
		1F90D4CB1DCA399200802D04 /* Resources */ = {
			isa = PBXResourcesBuildPhase;
			buildActionMask = 2147483647;
			files = (
				1F90D4DB1DCA399200802D04 /* LaunchScreen.storyboard in Resources */,
				1F90D4E31DCA39B900802D04 /* GoogleService-Info.plist in Resources */,
				1F90D4D81DCA399200802D04 /* Assets.xcassets in Resources */,
				1F90D4D61DCA399200802D04 /* Main.storyboard in Resources */,
			);
			runOnlyForDeploymentPostprocessing = 0;
		};
/* End PBXResourcesBuildPhase section */

/* Begin PBXShellScriptBuildPhase section */
		25225F381387ACE481C1D4FE /* [CP] Check Pods Manifest.lock */ = {
			isa = PBXShellScriptBuildPhase;
			buildActionMask = 2147483647;
			files = (
			);
			inputPaths = (
			);
			name = "[CP] Check Pods Manifest.lock";
			outputPaths = (
			);
			runOnlyForDeploymentPostprocessing = 0;
			shellPath = /bin/sh;
			shellScript = "diff \"${PODS_ROOT}/../Podfile.lock\" \"${PODS_ROOT}/Manifest.lock\" > /dev/null\nif [[ $? != 0 ]] ; then\n    cat << EOM\nerror: The sandbox is not in sync with the Podfile.lock. Run 'pod install' or update your CocoaPods installation.\nEOM\n    exit 1\nfi\n";
			showEnvVarsInLog = 0;
		};
		70EDB6C084885C32EFAE1A12 /* [CP] Embed Pods Frameworks */ = {
			isa = PBXShellScriptBuildPhase;
			buildActionMask = 2147483647;
			files = (
			);
			inputPaths = (
			);
			name = "[CP] Embed Pods Frameworks";
			outputPaths = (
			);
			runOnlyForDeploymentPostprocessing = 0;
			shellPath = /bin/sh;
			shellScript = "\"${SRCROOT}/Pods/Target Support Files/Pods-pokefinder/Pods-pokefinder-frameworks.sh\"\n";
			showEnvVarsInLog = 0;
		};
		F76156A7627CCF15A871311B /* [CP] Copy Pods Resources */ = {
			isa = PBXShellScriptBuildPhase;
			buildActionMask = 2147483647;
			files = (
			);
			inputPaths = (
			);
			name = "[CP] Copy Pods Resources";
			outputPaths = (
			);
			runOnlyForDeploymentPostprocessing = 0;
			shellPath = /bin/sh;
			shellScript = "\"${SRCROOT}/Pods/Target Support Files/Pods-pokefinder/Pods-pokefinder-resources.sh\"\n";
			showEnvVarsInLog = 0;
		};
/* End PBXShellScriptBuildPhase section */

/* Begin PBXSourcesBuildPhase section */
		1F90D4C91DCA399200802D04 /* Sources */ = {
			isa = PBXSourcesBuildPhase;
			buildActionMask = 2147483647;
			files = (
				1F90D5701DCA3B1900802D04 /* GFBase32Utils.m in Sources */,
				1F90D57C1DCA42CF00802D04 /* PokeAnnotation.swift in Sources */,
				1F90D4D31DCA399200802D04 /* ViewController.swift in Sources */,
				1F90D5711DCA3B1900802D04 /* GFGeoHash.m in Sources */,
				1F90D4D11DCA399200802D04 /* AppDelegate.swift in Sources */,
				1F90D56F1DCA3B1900802D04 /* GeoFire.m in Sources */,
				1F90D5721DCA3B1900802D04 /* GFGeoHashQuery.m in Sources */,
				1F90D5731DCA3B1900802D04 /* GFQuery.m in Sources */,
			);
			runOnlyForDeploymentPostprocessing = 0;
		};
/* End PBXSourcesBuildPhase section */

/* Begin PBXVariantGroup section */
		1F90D4D41DCA399200802D04 /* Main.storyboard */ = {
			isa = PBXVariantGroup;
			children = (
				1F90D4D51DCA399200802D04 /* Base */,
			);
			name = Main.storyboard;
			sourceTree = "<group>";
		};
		1F90D4D91DCA399200802D04 /* LaunchScreen.storyboard */ = {
			isa = PBXVariantGroup;
			children = (
				1F90D4DA1DCA399200802D04 /* Base */,
			);
			name = LaunchScreen.storyboard;
			sourceTree = "<group>";
		};
/* End PBXVariantGroup section */

/* Begin XCBuildConfiguration section */
		1F90D4DD1DCA399200802D04 /* Debug */ = {
			isa = XCBuildConfiguration;
			buildSettings = {
				ALWAYS_SEARCH_USER_PATHS = NO;
				CLANG_ANALYZER_NONNULL = YES;
				CLANG_CXX_LANGUAGE_STANDARD = "gnu++0x";
				CLANG_CXX_LIBRARY = "libc++";
				CLANG_ENABLE_MODULES = YES;
				CLANG_ENABLE_OBJC_ARC = YES;
				CLANG_WARN_BOOL_CONVERSION = YES;
				CLANG_WARN_CONSTANT_CONVERSION = YES;
				CLANG_WARN_DIRECT_OBJC_ISA_USAGE = YES_ERROR;
				CLANG_WARN_DOCUMENTATION_COMMENTS = YES;
				CLANG_WARN_EMPTY_BODY = YES;
				CLANG_WARN_ENUM_CONVERSION = YES;
				CLANG_WARN_INFINITE_RECURSION = YES;
				CLANG_WARN_INT_CONVERSION = YES;
				CLANG_WARN_OBJC_ROOT_CLASS = YES_ERROR;
				CLANG_WARN_SUSPICIOUS_MOVE = YES;
				CLANG_WARN_SUSPICIOUS_MOVES = YES;
				CLANG_WARN_UNREACHABLE_CODE = YES;
				CLANG_WARN__DUPLICATE_METHOD_MATCH = YES;
				"CODE_SIGN_IDENTITY[sdk=iphoneos*]" = "iPhone Developer";
				COPY_PHASE_STRIP = NO;
				DEBUG_INFORMATION_FORMAT = dwarf;
				ENABLE_STRICT_OBJC_MSGSEND = YES;
				ENABLE_TESTABILITY = YES;
				GCC_C_LANGUAGE_STANDARD = gnu99;
				GCC_DYNAMIC_NO_PIC = NO;
				GCC_NO_COMMON_BLOCKS = YES;
				GCC_OPTIMIZATION_LEVEL = 0;
				GCC_PREPROCESSOR_DEFINITIONS = (
					"DEBUG=1",
					"$(inherited)",
				);
				GCC_WARN_64_TO_32_BIT_CONVERSION = YES;
				GCC_WARN_ABOUT_RETURN_TYPE = YES_ERROR;
				GCC_WARN_UNDECLARED_SELECTOR = YES;
				GCC_WARN_UNINITIALIZED_AUTOS = YES_AGGRESSIVE;
				GCC_WARN_UNUSED_FUNCTION = YES;
				GCC_WARN_UNUSED_VARIABLE = YES;
				IPHONEOS_DEPLOYMENT_TARGET = 10.0;
				MTL_ENABLE_DEBUG_INFO = YES;
				ONLY_ACTIVE_ARCH = YES;
				SDKROOT = iphoneos;
				SWIFT_ACTIVE_COMPILATION_CONDITIONS = DEBUG;
				SWIFT_OPTIMIZATION_LEVEL = "-Onone";
				TARGETED_DEVICE_FAMILY = "1,2";
			};
			name = Debug;
		};
		1F90D4DE1DCA399200802D04 /* Release */ = {
			isa = XCBuildConfiguration;
			buildSettings = {
				ALWAYS_SEARCH_USER_PATHS = NO;
				CLANG_ANALYZER_NONNULL = YES;
				CLANG_CXX_LANGUAGE_STANDARD = "gnu++0x";
				CLANG_CXX_LIBRARY = "libc++";
				CLANG_ENABLE_MODULES = YES;
				CLANG_ENABLE_OBJC_ARC = YES;
				CLANG_WARN_BOOL_CONVERSION = YES;
				CLANG_WARN_CONSTANT_CONVERSION = YES;
				CLANG_WARN_DIRECT_OBJC_ISA_USAGE = YES_ERROR;
				CLANG_WARN_DOCUMENTATION_COMMENTS = YES;
				CLANG_WARN_EMPTY_BODY = YES;
				CLANG_WARN_ENUM_CONVERSION = YES;
				CLANG_WARN_INFINITE_RECURSION = YES;
				CLANG_WARN_INT_CONVERSION = YES;
				CLANG_WARN_OBJC_ROOT_CLASS = YES_ERROR;
				CLANG_WARN_SUSPICIOUS_MOVE = YES;
				CLANG_WARN_SUSPICIOUS_MOVES = YES;
				CLANG_WARN_UNREACHABLE_CODE = YES;
				CLANG_WARN__DUPLICATE_METHOD_MATCH = YES;
				"CODE_SIGN_IDENTITY[sdk=iphoneos*]" = "iPhone Developer";
				COPY_PHASE_STRIP = NO;
				DEBUG_INFORMATION_FORMAT = "dwarf-with-dsym";
				ENABLE_NS_ASSERTIONS = NO;
				ENABLE_STRICT_OBJC_MSGSEND = YES;
				GCC_C_LANGUAGE_STANDARD = gnu99;
				GCC_NO_COMMON_BLOCKS = YES;
				GCC_WARN_64_TO_32_BIT_CONVERSION = YES;
				GCC_WARN_ABOUT_RETURN_TYPE = YES_ERROR;
				GCC_WARN_UNDECLARED_SELECTOR = YES;
				GCC_WARN_UNINITIALIZED_AUTOS = YES_AGGRESSIVE;
				GCC_WARN_UNUSED_FUNCTION = YES;
				GCC_WARN_UNUSED_VARIABLE = YES;
				IPHONEOS_DEPLOYMENT_TARGET = 10.0;
				MTL_ENABLE_DEBUG_INFO = NO;
				SDKROOT = iphoneos;
				SWIFT_OPTIMIZATION_LEVEL = "-Owholemodule";
				TARGETED_DEVICE_FAMILY = "1,2";
				VALIDATE_PRODUCT = YES;
			};
			name = Release;
		};
		1F90D4E01DCA399200802D04 /* Debug */ = {
			isa = XCBuildConfiguration;
			baseConfigurationReference = C5301806C16FD9FE4003E0AE /* Pods-pokefinder.debug.xcconfig */;
			buildSettings = {
				ASSETCATALOG_COMPILER_APPICON_NAME = AppIcon;
				DEVELOPMENT_TEAM = GN9Y9E7XU4;
				INFOPLIST_FILE = pokefinder/Info.plist;
				LD_RUNPATH_SEARCH_PATHS = "$(inherited) @executable_path/Frameworks";
				PRODUCT_BUNDLE_IDENTIFIER = com.toracross.pokefinder;
				PRODUCT_NAME = "$(TARGET_NAME)";
				SWIFT_OBJC_BRIDGING_HEADER = "PokeFinder/PokeFinder-Bridging-Header.h";
				SWIFT_VERSION = 3.0;
			};
			name = Debug;
		};
		1F90D4E11DCA399200802D04 /* Release */ = {
			isa = XCBuildConfiguration;
			baseConfigurationReference = 30D22AAE7F6063A85C73E753 /* Pods-pokefinder.release.xcconfig */;
			buildSettings = {
				ASSETCATALOG_COMPILER_APPICON_NAME = AppIcon;
				DEVELOPMENT_TEAM = GN9Y9E7XU4;
				INFOPLIST_FILE = pokefinder/Info.plist;
				LD_RUNPATH_SEARCH_PATHS = "$(inherited) @executable_path/Frameworks";
				PRODUCT_BUNDLE_IDENTIFIER = com.toracross.pokefinder;
				PRODUCT_NAME = "$(TARGET_NAME)";
				SWIFT_OBJC_BRIDGING_HEADER = "PokeFinder/PokeFinder-Bridging-Header.h";
				SWIFT_VERSION = 3.0;
			};
			name = Release;
		};
/* End XCBuildConfiguration section */

/* Begin XCConfigurationList section */
		1F90D4C81DCA399200802D04 /* Build configuration list for PBXProject "pokefinder" */ = {
			isa = XCConfigurationList;
			buildConfigurations = (
				1F90D4DD1DCA399200802D04 /* Debug */,
				1F90D4DE1DCA399200802D04 /* Release */,
			);
			defaultConfigurationIsVisible = 0;
			defaultConfigurationName = Release;
		};
		1F90D4DF1DCA399200802D04 /* Build configuration list for PBXNativeTarget "pokefinder" */ = {
			isa = XCConfigurationList;
			buildConfigurations = (
				1F90D4E01DCA399200802D04 /* Debug */,
				1F90D4E11DCA399200802D04 /* Release */,
			);
			defaultConfigurationIsVisible = 0;
			defaultConfigurationName = Release;
		};
/* End XCConfigurationList section */
	};
	rootObject = 1F90D4C51DCA399200802D04 /* Project object */;
}
